
Microsoft Visual Studio Solution File, Format Version 9.00
# Visual Studio 2005
Project("{2150E333-8FDC-42A3-9474-1A3956D46DE8}") = "Solution Items", "Solution Items", "{BCE3969B-647B-4412-9669-0E950AE983DA}"
	ProjectSection(SolutionItems) = preProject
		LINQDemo.vsmdi = LINQDemo.vsmdi
		localtestrun.testrunconfig = localtestrun.testrunconfig
	EndProjectSection
EndProject
Project("{FAE04EC0-301F-11D3-BF4B-00C04F79EFBC}") = "LINQDemo", "LINQDemo\LINQDemo.csproj", "{4B81948B-E408-4348-991B-E6BBE4408A16}"
EndProject
Global
	GlobalSection(SolutionConfigurationPlatforms) = preSolution
		Debug|Any CPU = Debug|Any CPU
		Release|Any CPU = Release|Any CPU
	EndGlobalSection
	GlobalSection(ProjectConfigurationPlatforms) = postSolution
		{4B81948B-E408-4348-991B-E6BBE4408A16}.Debug|Any CPU.ActiveCfg = Debug|Any CPU
		{4B81948B-E408-4348-991B-E6BBE4408A16}.Debug|Any CPU.Build.0 = Debug|Any CPU
		{4B81948B-E408-4348-991B-E6BBE4408A16}.Release|Any CPU.ActiveCfg = Release|Any CPU
		{4B81948B-E408-4348-991B-E6BBE4408A16}.Release|Any CPU.Build.0 = Release|Any CPU
	EndGlobalSection
	GlobalSection(SolutionProperties) = preSolution
		HideSolutionNode = FALSE
	EndGlobalSection
EndGlobal
