Microsoft Visual Studio Solution File, Format Version 9.00
# Visual Studio 2005
Project("{FAE04EC0-301F-11D3-BF4B-00C04F79EFBC}") = "XML Transformer", "XML Transformer.csproj", "{DB822330-3131-45AB-91D4-0ADD81D30792}"
EndProject
Global
	GlobalSection(SolutionConfigurationPlatforms) = preSolution
		Debug|Any CPU = Debug|Any CPU
		Release|Any CPU = Release|Any CPU
	EndGlobalSection
	GlobalSection(ProjectConfigurationPlatforms) = postSolution
		{DB822330-3131-45AB-91D4-0ADD81D30792}.Debug|Any CPU.ActiveCfg = Debug|Any CPU
		{DB822330-3131-45AB-91D4-0ADD81D30792}.Debug|Any CPU.Build.0 = Debug|Any CPU
		{DB822330-3131-45AB-91D4-0ADD81D30792}.Release|Any CPU.ActiveCfg = Release|Any CPU
		{DB822330-3131-45AB-91D4-0ADD81D30792}.Release|Any CPU.Build.0 = Release|Any CPU
	EndGlobalSection
	GlobalSection(SolutionProperties) = preSolution
		HideSolutionNode = FALSE
	EndGlobalSection
EndGlobal
